<?xml version="1.0" encoding="UTF-8" standalone="yes" ?>
<CodeBlocks_project_file>
	<FileVersion major="1" minor="6" />
	<Project>
		<Option title="zipdirfs" />
		<Option platforms="Unix;Mac;" />
		<Option pch_mode="2" />
		<Option default_target="Test" />
		<Option compiler="gcc" />
		<Build>
			<Target title="Debug">
				<Option output="bin/Debug/zipdirfs" prefix_auto="1" extension_auto="1" />
				<Option object_output="obj/Debug/" />
				<Option type="1" />
				<Option compiler="gcc" />
				<Option parameters="/media/Backup/Server/Nipponsei/ /mediazip/ -d -o allow_other" />
				<Compiler>
					<Add option="-g" />
					<Add directory="include" />
				</Compiler>
			</Target>
			<Target title="Release">
				<Option output="bin/Release/zipdirfs" prefix_auto="1" extension_auto="1" />
				<Option object_output="obj/Release/" />
				<Option type="1" />
				<Option compiler="gcc" />
				<Compiler>
					<Add option="-O2" />
					<Add directory="include" />
				</Compiler>
				<Linker>
					<Add option="-s" />
				</Linker>
			</Target>
			<Target title="Test">
				<Option output="bin/Test/zipdirfs" prefix_auto="1" extension_auto="1" />
				<Option object_output="obj/Test/" />
				<Option type="1" />
				<Option compiler="gcc" />
				<Option parameters="/media/Backup/Server/Nipponsei/\[#aznmp3\ \&amp;\ Nipponsei\]\ Juuousei\ OP\ -\ Deep\ in\ Your\ Heart\ \[320kbps\ x\ Scans\]\[Doumoto\ Kouichi\]\[2006.07.12\].zip" />
				<Compiler>
					<Add option="-g" />
					<Add directory="include" />
					<Add directory="test" />
					<Add directory="./" />
				</Compiler>
			</Target>
		</Build>
		<Compiler>
			<Add option="-Wall" />
			<Add option="-fexceptions" />
			<Add option="-DFUSE_USE_VERSION=27" />
			<Add directory="include" />
		</Compiler>
		<Linker>
			<Add library="fuse" />
			<Add library="zip" />
			<Add library="z" />
		</Linker>
		<Unit filename="include/Main.h">
			<Option target="Debug" />
			<Option target="Release" />
		</Unit>
		<Unit filename="include/Options.h">
			<Option target="Debug" />
			<Option target="Release" />
		</Unit>
		<Unit filename="include/ZipDirFs/DefaultPermission.h" />
		<Unit filename="include/ZipDirFs/DirectoryMark.h" />
		<Unit filename="include/ZipDirFs/DirectoryNode.h" />
		<Unit filename="include/ZipDirFs/EntryFactory.h" />
		<Unit filename="include/ZipDirFs/FixedDirectoryFactory.h" />
		<Unit filename="include/ZipDirFs/MutexLockPolicy.h" />
		<Unit filename="include/ZipDirFs/NameSearchTree.h" />
		<Unit filename="include/ZipDirFs/NameSearchTreeNodes.h" />
		<Unit filename="include/ZipDirFs/NameSearchWalker.h" />
		<Unit filename="include/ZipDirFs/NotFoundException.h" />
		<Unit filename="include/ZipDirFs/StatDirectoryFactory.h" />
		<Unit filename="include/ZipDirFs/SymlinkTime.h" />
		<Unit filename="include/ZipDirFs/SystemDirectoryFactory.h" />
		<Unit filename="include/ZipDirFs/SystemDirectoryTime.h" />
		<Unit filename="include/ZipDirFs/UnionDirectoryFactory.h" />
		<Unit filename="include/ZipDirFs/ZipDirectoryFactory.h" />
		<Unit filename="include/ZipDirFs/ZipEntry.h" />
		<Unit filename="include/ZipDirFs/ZipEntryFileInfo.h" />
		<Unit filename="include/ZipDirFs/ZipFile.h" />
		<Unit filename="include/ZipDirFs/ZipFileBuffer.h" />
		<Unit filename="include/ZipDirFs/ZipIterator.h" />
		<Unit filename="include/ZipDirFs/ZipRootFactory.h" />
		<Unit filename="include/ZipDirFs/ZipTime.h" />
		<Unit filename="include/ZipDirFs/ZipWalker.h" />
		<Unit filename="include/ZipDirFs/entry_definitions.h" />
		<Unit filename="include/ZipDirFs/stream_indent.h" />
		<Unit filename="include/ZipDirFs/utils.h" />
		<Unit filename="src/Main.cpp">
			<Option target="Debug" />
			<Option target="Release" />
		</Unit>
		<Unit filename="src/Options.cpp">
			<Option target="Debug" />
			<Option target="Release" />
		</Unit>
		<Unit filename="src/ZipDirFs/EntryFactory.cpp" />
		<Unit filename="src/ZipDirFs/MutexLockPolicy.cpp" />
		<Unit filename="src/ZipDirFs/NotFoundException.cpp" />
		<Unit filename="src/ZipDirFs/SymlinkTime.cpp" />
		<Unit filename="src/ZipDirFs/SystemDirectoryFactory.cpp" />
		<Unit filename="src/ZipDirFs/ZipEntry.cpp" />
		<Unit filename="src/ZipDirFs/ZipEntryFileInfo.cpp" />
		<Unit filename="src/ZipDirFs/ZipFile.cpp" />
		<Unit filename="src/ZipDirFs/ZipIterator.cpp" />
		<Unit filename="src/ZipDirFs/ZipWalker.cpp" />
		<Unit filename="src/ZipDirFs/stream_indent.cpp" />
		<Unit filename="test/Coverage/coverage.cpp">
			<Option target="Test" />
		</Unit>
		<Unit filename="test/gtest.cpp">
			<Option target="Test" />
		</Unit>
		<Unit filename="test/gtest.h">
			<Option target="Test" />
		</Unit>
		<Unit filename="test/old/maintest.cpp">
			<Option target="Test" />
		</Unit>
		<Unit filename="test/old/tests.cpp">
			<Option target="Test" />
		</Unit>
		<Extensions>
			<code_completion />
			<debugger />
			<envvars />
		</Extensions>
	</Project>
</CodeBlocks_project_file>
