<?xml version="1.0" encoding="UTF-8" standalone="yes" ?>
<CodeBlocks_project_file>
	<FileVersion major="1" minor="6" />
	<Project>
		<Option title="zipdirfs" />
		<Option platforms="Unix;Mac;" />
		<Option pch_mode="2" />
		<Option default_target="Test" />
		<Option compiler="gcc" />
		<Build>
			<Target title="Debug">
				<Option output="bin/Debug/zipdirfs" prefix_auto="1" extension_auto="1" />
				<Option object_output="obj/Debug/" />
				<Option type="1" />
				<Option compiler="gcc" />
				<Option parameters="/media/Backup/Server/Nipponsei/ /mediazip/ -d -o allow_other" />
				<Compiler>
					<Add option="-g" />
					<Add directory="include" />
				</Compiler>
			</Target>
			<Target title="Release">
				<Option output="bin/Release/zipdirfs" prefix_auto="1" extension_auto="1" />
				<Option object_output="obj/Release/" />
				<Option type="1" />
				<Option compiler="gcc" />
				<Compiler>
					<Add option="-O2" />
					<Add directory="include" />
				</Compiler>
				<Linker>
					<Add option="-s" />
				</Linker>
			</Target>
			<Target title="Test">
				<Option output="bin/Test/zipdirfs" prefix_auto="1" extension_auto="1" />
				<Option object_output="obj/Test/" />
				<Option type="1" />
				<Option compiler="gcc" />
				<Option parameters="/media/Backup/Server/Nipponsei/\[#aznmp3\ \&amp;\ Nipponsei\]\ Juuousei\ OP\ -\ Deep\ in\ Your\ Heart\ \[320kbps\ x\ Scans\]\[Doumoto\ Kouichi\]\[2006.07.12\].zip" />
				<Compiler>
					<Add option="-g" />
					<Add directory="include" />
					<Add directory="test" />
					<Add directory="./" />
				</Compiler>
			</Target>
		</Build>
		<Compiler>
			<Add option="-Wall" />
			<Add option="-fexceptions" />
			<Add option="-DFUSE_USE_VERSION=27" />
			<Add directory="include" />
		</Compiler>
		<Linker>
			<Add library="fuse" />
			<Add library="zip" />
			<Add library="z" />
		</Linker>
		<Unit filename="include/Main.h">
			<Option target="Debug" />
			<Option target="Release" />
		</Unit>
		<Unit filename="include/Options.h">
			<Option target="Debug" />
			<Option target="Release" />
		</Unit>
		<Unit filename="include/ZipDirFs/Components/NativeChanged.h" />
		<Unit filename="include/ZipDirFs/Components/NativeDirectoryEnumerator.h" />
		<Unit filename="include/ZipDirFs/Components/NativeFactory.h" />
		<Unit filename="include/ZipDirFs/Components/ZipDirectoryEnumerator.h" />
		<Unit filename="include/ZipDirFs/Components/ZipFactory.h" />
		<Unit filename="include/ZipDirFs/Components/ZipFileChanged.h" />
		<Unit filename="include/ZipDirFs/Containers/EntryGenerator.h" />
		<Unit filename="include/ZipDirFs/Containers/EntryIterator.h" />
		<Unit filename="include/ZipDirFs/Containers/EntryList.h" />
		<Unit filename="include/ZipDirFs/Containers/Helpers/Changed.h" />
		<Unit filename="include/ZipDirFs/Containers/Helpers/EntryListProxy.h" />
		<Unit filename="include/ZipDirFs/Containers/Helpers/Enumerator.h" />
		<Unit filename="include/ZipDirFs/Containers/Helpers/Factory.h" />
		<Unit filename="include/ZipDirFs/Containers/list_map.h" />
		<Unit filename="include/ZipDirFs/DirectoryMark.h" />
		<Unit filename="include/ZipDirFs/DirectoryNode.h" />
		<Unit filename="include/ZipDirFs/EntryFactory.h" />
		<Unit filename="include/ZipDirFs/FixedDirectoryFactory.h" />
		<Unit filename="include/ZipDirFs/Fuse/EntryProxy.h" />
		<Unit filename="include/ZipDirFs/MutexLockPolicy.h" />
		<Unit filename="include/ZipDirFs/NameSearchTree.h" />
		<Unit filename="include/ZipDirFs/NameSearchTreeNodes.h" />
		<Unit filename="include/ZipDirFs/NameSearchWalker.h" />
		<Unit filename="include/ZipDirFs/NotFoundException.h" />
		<Unit filename="include/ZipDirFs/StatDirectoryFactory.h" />
		<Unit filename="include/ZipDirFs/SymlinkTime.h" />
		<Unit filename="include/ZipDirFs/SystemDirectoryFactory.h" />
		<Unit filename="include/ZipDirFs/SystemDirectoryTime.h" />
		<Unit filename="include/ZipDirFs/UnionDirectoryFactory.h" />
		<Unit filename="include/ZipDirFs/Utilities/DefaultPermission.h" />
		<Unit filename="include/ZipDirFs/Utilities/FileSystem.h" />
		<Unit filename="include/ZipDirFs/Utilities/type_traits.h" />
		<Unit filename="include/ZipDirFs/Zip/Archive.h" />
		<Unit filename="include/ZipDirFs/Zip/Base/Content.h" />
		<Unit filename="include/ZipDirFs/Zip/Base/Lib.h" />
		<Unit filename="include/ZipDirFs/Zip/Base/Stat.h" />
		<Unit filename="include/ZipDirFs/Zip/Entry.h" />
		<Unit filename="include/ZipDirFs/Zip/Exception.h" />
		<Unit filename="include/ZipDirFs/Zip/Factory.h" />
		<Unit filename="include/ZipDirFs/Zip/Lib.h" />
		<Unit filename="include/ZipDirFs/Zip/Stream.h" />
		<Unit filename="include/ZipDirFs/ZipDirectoryFactory.h" />
		<Unit filename="include/ZipDirFs/ZipEntry.h" />
		<Unit filename="include/ZipDirFs/ZipEntryFileInfo.h" />
		<Unit filename="include/ZipDirFs/ZipFile.h" />
		<Unit filename="include/ZipDirFs/ZipFileBuffer.h" />
		<Unit filename="include/ZipDirFs/ZipIterator.h" />
		<Unit filename="include/ZipDirFs/ZipRootFactory.h" />
		<Unit filename="include/ZipDirFs/ZipTime.h" />
		<Unit filename="include/ZipDirFs/ZipWalker.h" />
		<Unit filename="include/ZipDirFs/entry_definitions.h" />
		<Unit filename="include/ZipDirFs/stream_indent.h" />
		<Unit filename="include/ZipDirFs/utils.h" />
		<Unit filename="src/Main.cpp">
			<Option target="Debug" />
			<Option target="Release" />
		</Unit>
		<Unit filename="src/Options.cpp">
			<Option target="Debug" />
			<Option target="Release" />
		</Unit>
		<Unit filename="src/ZipDirFs/Components/NativeChanged.cpp" />
		<Unit filename="src/ZipDirFs/Components/NativeDirectoryEnumerator.cpp" />
		<Unit filename="src/ZipDirFs/Components/ZipDirectoryEnumerator.cpp" />
		<Unit filename="src/ZipDirFs/Components/ZipFileChanged.cpp" />
		<Unit filename="src/ZipDirFs/Containers/EntryGenerator.cpp" />
		<Unit filename="src/ZipDirFs/Containers/EntryIterator.cpp" />
		<Unit filename="src/ZipDirFs/EntryFactory.cpp" />
		<Unit filename="src/ZipDirFs/Fuse/EntryProxy.cpp" />
		<Unit filename="src/ZipDirFs/MutexLockPolicy.cpp" />
		<Unit filename="src/ZipDirFs/NotFoundException.cpp" />
		<Unit filename="src/ZipDirFs/SymlinkTime.cpp" />
		<Unit filename="src/ZipDirFs/SystemDirectoryFactory.cpp" />
		<Unit filename="src/ZipDirFs/Utilities/FileSystem.cpp" />
		<Unit filename="src/ZipDirFs/Zip/Archive.cpp" />
		<Unit filename="src/ZipDirFs/Zip/Base/Content.cpp" />
		<Unit filename="src/ZipDirFs/Zip/Base/Lib.cpp" />
		<Unit filename="src/ZipDirFs/Zip/Base/Stat.cpp" />
		<Unit filename="src/ZipDirFs/Zip/Entry.cpp" />
		<Unit filename="src/ZipDirFs/Zip/Exception.cpp" />
		<Unit filename="src/ZipDirFs/Zip/Factory.cpp" />
		<Unit filename="src/ZipDirFs/Zip/Lib.cpp" />
		<Unit filename="src/ZipDirFs/Zip/Stream.cpp" />
		<Unit filename="src/ZipDirFs/ZipEntry.cpp" />
		<Unit filename="src/ZipDirFs/ZipEntryFileInfo.cpp" />
		<Unit filename="src/ZipDirFs/ZipFile.cpp" />
		<Unit filename="src/ZipDirFs/ZipIterator.cpp" />
		<Unit filename="src/ZipDirFs/ZipWalker.cpp" />
		<Unit filename="src/ZipDirFs/stream_indent.cpp" />
		<Unit filename="test/Coverage/coverage.cpp">
			<Option target="Test" />
		</Unit>
		<Unit filename="test/ZipDirFs/Components/Fixtures/LibInstance.h">
			<Option target="Test" />
		</Unit>
		<Unit filename="test/ZipDirFs/Components/Fixtures/ZipFactoryAccess.cpp">
			<Option target="Test" />
		</Unit>
		<Unit filename="test/ZipDirFs/Components/Fixtures/ZipFactoryAccess.h">
			<Option target="Test" />
		</Unit>
		<Unit filename="test/ZipDirFs/Components/NativeChanged.cpp">
			<Option target="Test" />
		</Unit>
		<Unit filename="test/ZipDirFs/Components/NativeChanged.h">
			<Option target="Test" />
		</Unit>
		<Unit filename="test/ZipDirFs/Components/NativeDirectoryEnumerator.cpp">
			<Option target="Test" />
		</Unit>
		<Unit filename="test/ZipDirFs/Components/NativeDirectoryEnumerator.h">
			<Option target="Test" />
		</Unit>
		<Unit filename="test/ZipDirFs/Components/NativeFactory.cpp">
			<Option target="Test" />
		</Unit>
		<Unit filename="test/ZipDirFs/Components/NativeFactory.h">
			<Option target="Test" />
		</Unit>
		<Unit filename="test/ZipDirFs/Components/ZipDirectoryEnumerator.cpp">
			<Option target="Test" />
		</Unit>
		<Unit filename="test/ZipDirFs/Components/ZipDirectoryEnumerator.h">
			<Option target="Test" />
		</Unit>
		<Unit filename="test/ZipDirFs/Components/ZipFactory.cpp">
			<Option target="Test" />
		</Unit>
		<Unit filename="test/ZipDirFs/Components/ZipFactory.h">
			<Option target="Test" />
		</Unit>
		<Unit filename="test/ZipDirFs/Components/ZipFileChanged.cpp">
			<Option target="Test" />
		</Unit>
		<Unit filename="test/ZipDirFs/Components/ZipFileChanged.h">
			<Option target="Test" />
		</Unit>
		<Unit filename="test/ZipDirFs/Containers/EntryGenerator.cpp">
			<Option target="Test" />
		</Unit>
		<Unit filename="test/ZipDirFs/Containers/EntryGenerator.h">
			<Option target="Test" />
		</Unit>
		<Unit filename="test/ZipDirFs/Containers/EntryIterator.cpp">
			<Option target="Test" />
		</Unit>
		<Unit filename="test/ZipDirFs/Containers/EntryIterator.h">
			<Option target="Test" />
		</Unit>
		<Unit filename="test/ZipDirFs/Containers/EntryList.cpp">
			<Option target="Test" />
		</Unit>
		<Unit filename="test/ZipDirFs/Containers/EntryList.h">
			<Option target="Test" />
		</Unit>
		<Unit filename="test/ZipDirFs/Containers/Fixtures/EntryIteratorEndWrapper.cpp">
			<Option target="Test" />
		</Unit>
		<Unit filename="test/ZipDirFs/Containers/Fixtures/EntryIteratorEndWrapper.h">
			<Option target="Test" />
		</Unit>
		<Unit filename="test/ZipDirFs/Containers/Fixtures/EntryIteratorTestWrapper.cpp">
			<Option target="Test" />
		</Unit>
		<Unit filename="test/ZipDirFs/Containers/Fixtures/EntryIteratorTestWrapper.h">
			<Option target="Test" />
		</Unit>
		<Unit filename="test/ZipDirFs/Containers/Fixtures/EntryIteratorWrapperMock.cpp">
			<Option target="Test" />
		</Unit>
		<Unit filename="test/ZipDirFs/Containers/Fixtures/EntryIteratorWrapperMock.h">
			<Option target="Test" />
		</Unit>
		<Unit filename="test/ZipDirFs/Containers/Fixtures/HolderStateInitializer.cpp">
			<Option target="Test" />
		</Unit>
		<Unit filename="test/ZipDirFs/Containers/Fixtures/HolderStateInitializer.h">
			<Option target="Test" />
		</Unit>
		<Unit filename="test/ZipDirFs/Containers/Fixtures/helpers.cpp">
			<Option target="Test" />
		</Unit>
		<Unit filename="test/ZipDirFs/Containers/Fixtures/helpers.h">
			<Option target="Test" />
		</Unit>
		<Unit filename="test/ZipDirFs/Containers/Fixtures/list_for_proxy.cpp">
			<Option target="Test" />
		</Unit>
		<Unit filename="test/ZipDirFs/Containers/Fixtures/list_for_proxy.h">
			<Option target="Test" />
		</Unit>
		<Unit filename="test/ZipDirFs/Containers/Fixtures/list_map_for_proxy.cpp">
			<Option target="Test" />
		</Unit>
		<Unit filename="test/ZipDirFs/Containers/Fixtures/list_map_for_proxy.h">
			<Option target="Test" />
		</Unit>
		<Unit filename="test/ZipDirFs/Containers/Fixtures/list_map_mock.cpp">
			<Option target="Test" />
		</Unit>
		<Unit filename="test/ZipDirFs/Containers/Fixtures/list_map_mock.h">
			<Option target="Test" />
		</Unit>
		<Unit filename="test/ZipDirFs/Containers/Fixtures/list_mock.cpp">
			<Option target="Test" />
		</Unit>
		<Unit filename="test/ZipDirFs/Containers/Fixtures/list_mock.h">
			<Option target="Test" />
		</Unit>
		<Unit filename="test/ZipDirFs/Containers/Fixtures/map_mock.cpp">
			<Option target="Test" />
		</Unit>
		<Unit filename="test/ZipDirFs/Containers/Fixtures/map_mock.h">
			<Option target="Test" />
		</Unit>
		<Unit filename="test/ZipDirFs/Containers/Helpers/Fixtures/ChangedMock.cpp">
			<Option target="Test" />
		</Unit>
		<Unit filename="test/ZipDirFs/Containers/Helpers/Fixtures/ChangedMock.h">
			<Option target="Test" />
		</Unit>
		<Unit filename="test/ZipDirFs/Containers/Helpers/Fixtures/EntryListProxyMock.cpp">
			<Option target="Test" />
		</Unit>
		<Unit filename="test/ZipDirFs/Containers/Helpers/Fixtures/EntryListProxyMock.h">
			<Option target="Test" />
		</Unit>
		<Unit filename="test/ZipDirFs/Containers/Helpers/Fixtures/EnumeratorMock.cpp">
			<Option target="Test" />
		</Unit>
		<Unit filename="test/ZipDirFs/Containers/Helpers/Fixtures/EnumeratorMock.h">
			<Option target="Test" />
		</Unit>
		<Unit filename="test/ZipDirFs/Containers/Helpers/Fixtures/FactoryMock.cpp">
			<Option target="Test" />
		</Unit>
		<Unit filename="test/ZipDirFs/Containers/Helpers/Fixtures/FactoryMock.h">
			<Option target="Test" />
		</Unit>
		<Unit filename="test/ZipDirFs/Containers/list_map.cpp">
			<Option target="Test" />
		</Unit>
		<Unit filename="test/ZipDirFs/Containers/list_map.h">
			<Option target="Test" />
		</Unit>
		<Unit filename="test/ZipDirFs/Fuse/EntryProxy.cpp">
			<Option target="Test" />
		</Unit>
		<Unit filename="test/ZipDirFs/Fuse/EntryProxy.h">
			<Option target="Test" />
		</Unit>
		<Unit filename="test/ZipDirFs/Utilities/FileSystem.cpp">
			<Option target="Test" />
		</Unit>
		<Unit filename="test/ZipDirFs/Utilities/FileSystem.h">
			<Option target="Test" />
		</Unit>
		<Unit filename="test/ZipDirFs/Utilities/Fixtures/FileSystem.cpp">
			<Option target="Test" />
		</Unit>
		<Unit filename="test/ZipDirFs/Utilities/Fixtures/FileSystem.h">
			<Option target="Test" />
		</Unit>
		<Unit filename="test/ZipDirFs/Zip/Archive.cpp">
			<Option target="Test" />
		</Unit>
		<Unit filename="test/ZipDirFs/Zip/Archive.h">
			<Option target="Test" />
		</Unit>
		<Unit filename="test/ZipDirFs/Zip/Base/Content.cpp">
			<Option target="Test" />
		</Unit>
		<Unit filename="test/ZipDirFs/Zip/Base/Content.h">
			<Option target="Test" />
		</Unit>
		<Unit filename="test/ZipDirFs/Zip/Entry.cpp">
			<Option target="Test" />
		</Unit>
		<Unit filename="test/ZipDirFs/Zip/Entry.h">
			<Option target="Test" />
		</Unit>
		<Unit filename="test/ZipDirFs/Zip/Factory.cpp">
			<Option target="Test" />
		</Unit>
		<Unit filename="test/ZipDirFs/Zip/Factory.h">
			<Option target="Test" />
		</Unit>
		<Unit filename="test/ZipDirFs/Zip/Fixtures/Lib.cpp">
			<Option target="Test" />
		</Unit>
		<Unit filename="test/ZipDirFs/Zip/Fixtures/Lib.h">
			<Option target="Test" />
		</Unit>
		<Unit filename="test/ZipDirFs/Zip/Fixtures/SimpleSpan.cpp">
			<Option target="Test" />
		</Unit>
		<Unit filename="test/ZipDirFs/Zip/Fixtures/SimpleSpan.h">
			<Option target="Test" />
		</Unit>
		<Unit filename="test/ZipDirFs/Zip/Fixtures/StreamBufferInitializer.cpp">
			<Option target="Test" />
		</Unit>
		<Unit filename="test/ZipDirFs/Zip/Fixtures/StreamBufferInitializer.h">
			<Option target="Test" />
		</Unit>
		<Unit filename="test/ZipDirFs/Zip/Lib.cpp">
			<Option target="Test" />
		</Unit>
		<Unit filename="test/ZipDirFs/Zip/Lib.h">
			<Option target="Test" />
		</Unit>
		<Unit filename="test/ZipDirFs/Zip/Stream.cpp">
			<Option target="Test" />
		</Unit>
		<Unit filename="test/ZipDirFs/Zip/Stream.h">
			<Option target="Test" />
		</Unit>
		<Unit filename="test/fusekit/Fixtures/EntryMock.h">
			<Option target="Test" />
		</Unit>
		<Unit filename="test/gtest.cpp">
			<Option target="Test" />
		</Unit>
		<Unit filename="test/gtest.h">
			<Option target="Test" />
		</Unit>
		<Unit filename="test/old/maintest.cpp">
			<Option target="Test" />
		</Unit>
		<Unit filename="test/old/tests.cpp">
			<Option target="Test" />
		</Unit>
		<Extensions>
			<code_completion />
			<debugger />
			<envvars />
		</Extensions>
	</Project>
</CodeBlocks_project_file>
